# This file is autogenerated, do not edit; changes may be undone by the next 'dep ensure'.


[[projects]]
  digest = "1:b922e7b2a89d9dbec1fe23d86f57df02719f095fd6f0cf5d964989e031fb6523"
  name = "github.com/pelletier/go-toml"
  packages = [
    ".",
    "query",
  ]
  pruneopts = "UT"
  revision = "c01d1270ff3e442a8a57cddc1c92dc1138598194"
  version = "v1.2.0"

[solve-meta]
  analyzer-name = "dep"
  analyzer-version = 1
  input-imports = [
    "github.com/pelletier/go-toml",
    "github.com/pelletier/go-toml/query",
  ]
  solver-name = "gps-cdcl"
  solver-version = 1
